
Microsoft Visual Studio Solution File, Format Version 12.00
# Visual Studio Version 17
VisualStudioVersion = 17.11.35222.181
MinimumVisualStudioVersion = 10.0.40219.1
Project("{8BC9CEB8-8B4A-11D0-8D11-00A0C91BC942}") = "less_20250211", "less_20250211.vcxproj", "{024575D0-4CA4-4A3A-ABC0-F3B928F309AD}"
EndProject
Global
	GlobalSection(SolutionConfigurationPlatforms) = preSolution
		Debug|x64 = Debug|x64
		Debug|x86 = Debug|x86
		Release|x64 = Release|x64
		Release|x86 = Release|x86
	EndGlobalSection
	GlobalSection(ProjectConfigurationPlatforms) = postSolution
		{024575D0-4CA4-4A3A-ABC0-F3B928F309AD}.Debug|x64.ActiveCfg = Debug|x64
		{024575D0-4CA4-4A3A-ABC0-F3B928F309AD}.Debug|x64.Build.0 = Debug|x64
		{024575D0-4CA4-4A3A-ABC0-F3B928F309AD}.Debug|x86.ActiveCfg = Debug|Win32
		{024575D0-4CA4-4A3A-ABC0-F3B928F309AD}.Debug|x86.Build.0 = Debug|Win32
		{024575D0-4CA4-4A3A-ABC0-F3B928F309AD}.Release|x64.ActiveCfg = Release|x64
		{024575D0-4CA4-4A3A-ABC0-F3B928F309AD}.Release|x64.Build.0 = Release|x64
		{024575D0-4CA4-4A3A-ABC0-F3B928F309AD}.Release|x86.ActiveCfg = Release|Win32
		{024575D0-4CA4-4A3A-ABC0-F3B928F309AD}.Release|x86.Build.0 = Release|Win32
	EndGlobalSection
	GlobalSection(SolutionProperties) = preSolution
		HideSolutionNode = FALSE
	EndGlobalSection
	GlobalSection(ExtensibilityGlobals) = postSolution
		SolutionGuid = {DC9133C0-640E-417D-85A5-E22FF54379BB}
	EndGlobalSection
EndGlobal
